
Microsoft Visual Studio Solution File, Format Version 12.00
# Visual Studio Version 17
VisualStudioVersion = 17.11.35327.3
MinimumVisualStudioVersion = 10.0.40219.1
Project("{FAE04EC0-301F-11D3-BF4B-00C04F79EFBC}") = "laba3", "laba3\laba3.csproj", "{D835FDE5-0A37-443F-BCED-1808410640DF}"
EndProject
Global
	GlobalSection(SolutionConfigurationPlatforms) = preSolution
		Debug|Any CPU = Debug|Any CPU
		Release|Any CPU = Release|Any CPU
	EndGlobalSection
	GlobalSection(ProjectConfigurationPlatforms) = postSolution
		{D835FDE5-0A37-443F-BCED-1808410640DF}.Debug|Any CPU.ActiveCfg = Debug|Any CPU
		{D835FDE5-0A37-443F-BCED-1808410640DF}.Debug|Any CPU.Build.0 = Debug|Any CPU
		{D835FDE5-0A37-443F-BCED-1808410640DF}.Release|Any CPU.ActiveCfg = Release|Any CPU
		{D835FDE5-0A37-443F-BCED-1808410640DF}.Release|Any CPU.Build.0 = Release|Any CPU
	EndGlobalSection
	GlobalSection(SolutionProperties) = preSolution
		HideSolutionNode = FALSE
	EndGlobalSection
	GlobalSection(ExtensibilityGlobals) = postSolution
		SolutionGuid = {0C58D98E-7FC5-40DD-B2B9-F4C8233142A8}
	EndGlobalSection
EndGlobal
